
Microsoft Visual Studio Solution File, Format Version 12.00
# Visual Studio Version 17
VisualStudioVersion = 17.4.33213.308
MinimumVisualStudioVersion = 10.0.40219.1
Project("{FAE04EC0-301F-11D3-BF4B-00C04F79EFBC}") = "POC-ScheduleLambda", "POC-ScheduleLambda\src\POC-ScheduleLambda\POC-ScheduleLambda.csproj", "{78169510-C16C-49DC-AECE-16A039B5C06B}"
EndProject
Global
	GlobalSection(SolutionConfigurationPlatforms) = preSolution
		Debug|Any CPU = Debug|Any CPU
		Release|Any CPU = Release|Any CPU
	EndGlobalSection
	GlobalSection(ProjectConfigurationPlatforms) = postSolution
		{78169510-C16C-49DC-AECE-16A039B5C06B}.Debug|Any CPU.ActiveCfg = Debug|Any CPU
		{78169510-C16C-49DC-AECE-16A039B5C06B}.Debug|Any CPU.Build.0 = Debug|Any CPU
		{78169510-C16C-49DC-AECE-16A039B5C06B}.Release|Any CPU.ActiveCfg = Release|Any CPU
		{78169510-C16C-49DC-AECE-16A039B5C06B}.Release|Any CPU.Build.0 = Release|Any CPU
	EndGlobalSection
	GlobalSection(SolutionProperties) = preSolution
		HideSolutionNode = FALSE
	EndGlobalSection
	GlobalSection(ExtensibilityGlobals) = postSolution
		SolutionGuid = {528AB444-1F04-4B27-BAA6-EFEAA135EC3E}
	EndGlobalSection
EndGlobal
